
Microsoft Visual Studio Solution File, Format Version 12.00
# Visual Studio Version 17
VisualStudioVersion = 17.3.32611.2
MinimumVisualStudioVersion = 10.0.40219.1
Project("{FAE04EC0-301F-11D3-BF4B-00C04F79EFBC}") = "Rysy", "Rysy\Rysy.csproj", "{7FCA7B79-652E-437C-8D01-5047DC7685EB}"
EndProject
Global
	GlobalSection(SolutionConfigurationPlatforms) = preSolution
		Debug|Any CPU = Debug|Any CPU
		Release|Any CPU = Release|Any CPU
	EndGlobalSection
	GlobalSection(ProjectConfigurationPlatforms) = postSolution
		{7FCA7B79-652E-437C-8D01-5047DC7685EB}.Debug|Any CPU.ActiveCfg = Debug|Any CPU
		{7FCA7B79-652E-437C-8D01-5047DC7685EB}.Debug|Any CPU.Build.0 = Debug|Any CPU
		{7FCA7B79-652E-437C-8D01-5047DC7685EB}.Release|Any CPU.ActiveCfg = Release|Any CPU
		{7FCA7B79-652E-437C-8D01-5047DC7685EB}.Release|Any CPU.Build.0 = Release|Any CPU
	EndGlobalSection
	GlobalSection(SolutionProperties) = preSolution
		HideSolutionNode = FALSE
	EndGlobalSection
	GlobalSection(ExtensibilityGlobals) = postSolution
		SolutionGuid = {0C88A80B-5B24-4C7E-A4E9-B1E8BCA69418}
	EndGlobalSection
EndGlobal
